
Microsoft Visual Studio Solution File, Format Version 12.00
# Visual Studio 2013
VisualStudioVersion = 12.0.0.0
MinimumVisualStudioVersion = 10.0.0.1
Project("{FAE04EC0-301F-11D3-BF4B-00C04F79EFBC}") = "Server", "Server\Server.csproj", "{E6358668-2BDF-488F-860E-EE5D8B3FEDF0}"
EndProject
Project("{FAE04EC0-301F-11D3-BF4B-00C04F79EFBC}") = "Client", "Client\Client.csproj", "{6EBD8741-B6E1-4BD7-8AD4-226C4C81F145}"
EndProject
Project("{FAE04EC0-301F-11D3-BF4B-00C04F79EFBC}") = "Google", "Google\Google.csproj", "{9745373B-8560-4208-AA2A-8F0F1189FD0E}"
EndProject
Project("{FAE04EC0-301F-11D3-BF4B-00C04F79EFBC}") = "Test", "Test\Test.csproj", "{74084DF5-A557-471C-9D41-259A3BA3BE06}"
EndProject
Global
	GlobalSection(SolutionConfigurationPlatforms) = preSolution
		Debug|Any CPU = Debug|Any CPU
		Release|Any CPU = Release|Any CPU
	EndGlobalSection
	GlobalSection(ProjectConfigurationPlatforms) = postSolution
		{E6358668-2BDF-488F-860E-EE5D8B3FEDF0}.Debug|Any CPU.ActiveCfg = Debug|Any CPU
		{E6358668-2BDF-488F-860E-EE5D8B3FEDF0}.Debug|Any CPU.Build.0 = Debug|Any CPU
		{E6358668-2BDF-488F-860E-EE5D8B3FEDF0}.Release|Any CPU.ActiveCfg = Release|Any CPU
		{E6358668-2BDF-488F-860E-EE5D8B3FEDF0}.Release|Any CPU.Build.0 = Release|Any CPU
		{E6358668-2BDF-488F-860E-EE5D8B3FEDF0}.Debug|Any CPU.Deploy.0 = Debug|Any CPU
		{6EBD8741-B6E1-4BD7-8AD4-226C4C81F145}.Debug|Any CPU.ActiveCfg = Debug|Any CPU
		{6EBD8741-B6E1-4BD7-8AD4-226C4C81F145}.Debug|Any CPU.Build.0 = Debug|Any CPU
		{6EBD8741-B6E1-4BD7-8AD4-226C4C81F145}.Release|Any CPU.ActiveCfg = Release|Any CPU
		{6EBD8741-B6E1-4BD7-8AD4-226C4C81F145}.Release|Any CPU.Build.0 = Release|Any CPU
		{6EBD8741-B6E1-4BD7-8AD4-226C4C81F145}.Debug|Any CPU.Deploy.0 = Debug|Any CPU
		{9745373B-8560-4208-AA2A-8F0F1189FD0E}.Debug|Any CPU.ActiveCfg = Debug|Any CPU
		{9745373B-8560-4208-AA2A-8F0F1189FD0E}.Debug|Any CPU.Build.0 = Debug|Any CPU
		{9745373B-8560-4208-AA2A-8F0F1189FD0E}.Release|Any CPU.ActiveCfg = Release|Any CPU
		{9745373B-8560-4208-AA2A-8F0F1189FD0E}.Release|Any CPU.Build.0 = Release|Any CPU
		{74084DF5-A557-471C-9D41-259A3BA3BE06}.Debug|Any CPU.ActiveCfg = Debug|Any CPU
		{74084DF5-A557-471C-9D41-259A3BA3BE06}.Debug|Any CPU.Build.0 = Debug|Any CPU
		{74084DF5-A557-471C-9D41-259A3BA3BE06}.Release|Any CPU.ActiveCfg = Release|Any CPU
		{74084DF5-A557-471C-9D41-259A3BA3BE06}.Release|Any CPU.Build.0 = Release|Any CPU
	EndGlobalSection
	GlobalSection(SolutionProperties) = preSolution
		HideSolutionNode = FALSE
	EndGlobalSection
EndGlobal
